
Microsoft Visual Studio Solution File, Format Version 12.00
# Visual Studio 2013
VisualStudioVersion = 12.0.21005.1
MinimumVisualStudioVersion = 10.0.40219.1
Project("{FAE04EC0-301F-11D3-BF4B-00C04F79EFBC}") = "elucid.epos", "elucid.epos\elucid.epos.csproj", "{8273B593-F6A0-44E1-9BF4-D97395C73AFE}"
EndProject
Project("{FAE04EC0-301F-11D3-BF4B-00C04F79EFBC}") = "trh1Test", "trh1Test\trh1Test.csproj", "{F8B22354-CF91-4470-903C-A4C519F8463B}"
EndProject
Global
	GlobalSection(SolutionConfigurationPlatforms) = preSolution
		Debug|Any CPU = Debug|Any CPU
		Debug|Mixed Platforms = Debug|Mixed Platforms
		Debug|x64 = Debug|x64
		Debug|x86 = Debug|x86
		Release|Any CPU = Release|Any CPU
		Release|Mixed Platforms = Release|Mixed Platforms
		Release|x64 = Release|x64
		Release|x86 = Release|x86
	EndGlobalSection
	GlobalSection(ProjectConfigurationPlatforms) = postSolution
		{8273B593-F6A0-44E1-9BF4-D97395C73AFE}.Debug|Any CPU.ActiveCfg = Debug|x86
		{8273B593-F6A0-44E1-9BF4-D97395C73AFE}.Debug|Any CPU.Build.0 = Debug|x86
		{8273B593-F6A0-44E1-9BF4-D97395C73AFE}.Debug|Mixed Platforms.ActiveCfg = Debug|x86
		{8273B593-F6A0-44E1-9BF4-D97395C73AFE}.Debug|Mixed Platforms.Build.0 = Debug|x86
		{8273B593-F6A0-44E1-9BF4-D97395C73AFE}.Debug|x64.ActiveCfg = Debug|x86
		{8273B593-F6A0-44E1-9BF4-D97395C73AFE}.Debug|x64.Build.0 = Debug|x86
		{8273B593-F6A0-44E1-9BF4-D97395C73AFE}.Debug|x86.ActiveCfg = Debug|x86
		{8273B593-F6A0-44E1-9BF4-D97395C73AFE}.Debug|x86.Build.0 = Debug|x86
		{8273B593-F6A0-44E1-9BF4-D97395C73AFE}.Release|Any CPU.ActiveCfg = Release|x86
		{8273B593-F6A0-44E1-9BF4-D97395C73AFE}.Release|Any CPU.Build.0 = Release|x86
		{8273B593-F6A0-44E1-9BF4-D97395C73AFE}.Release|Mixed Platforms.ActiveCfg = Release|x86
		{8273B593-F6A0-44E1-9BF4-D97395C73AFE}.Release|Mixed Platforms.Build.0 = Release|x86
		{8273B593-F6A0-44E1-9BF4-D97395C73AFE}.Release|x64.ActiveCfg = Release|x86
		{8273B593-F6A0-44E1-9BF4-D97395C73AFE}.Release|x64.Build.0 = Release|x86
		{8273B593-F6A0-44E1-9BF4-D97395C73AFE}.Release|x86.ActiveCfg = Release|x86
		{8273B593-F6A0-44E1-9BF4-D97395C73AFE}.Release|x86.Build.0 = Release|x86
		{F8B22354-CF91-4470-903C-A4C519F8463B}.Debug|Any CPU.ActiveCfg = Debug|Any CPU
		{F8B22354-CF91-4470-903C-A4C519F8463B}.Debug|Any CPU.Build.0 = Debug|Any CPU
		{F8B22354-CF91-4470-903C-A4C519F8463B}.Debug|Mixed Platforms.ActiveCfg = Debug|x86
		{F8B22354-CF91-4470-903C-A4C519F8463B}.Debug|Mixed Platforms.Build.0 = Debug|x86
		{F8B22354-CF91-4470-903C-A4C519F8463B}.Debug|x64.ActiveCfg = Debug|Any CPU
		{F8B22354-CF91-4470-903C-A4C519F8463B}.Debug|x86.ActiveCfg = Debug|x86
		{F8B22354-CF91-4470-903C-A4C519F8463B}.Debug|x86.Build.0 = Debug|x86
		{F8B22354-CF91-4470-903C-A4C519F8463B}.Release|Any CPU.ActiveCfg = Release|Any CPU
		{F8B22354-CF91-4470-903C-A4C519F8463B}.Release|Any CPU.Build.0 = Release|Any CPU
		{F8B22354-CF91-4470-903C-A4C519F8463B}.Release|Mixed Platforms.ActiveCfg = Release|x86
		{F8B22354-CF91-4470-903C-A4C519F8463B}.Release|Mixed Platforms.Build.0 = Release|x86
		{F8B22354-CF91-4470-903C-A4C519F8463B}.Release|x64.ActiveCfg = Release|Any CPU
		{F8B22354-CF91-4470-903C-A4C519F8463B}.Release|x86.ActiveCfg = Release|x86
		{F8B22354-CF91-4470-903C-A4C519F8463B}.Release|x86.Build.0 = Release|x86
	EndGlobalSection
	GlobalSection(SolutionProperties) = preSolution
		HideSolutionNode = FALSE
	EndGlobalSection
EndGlobal
